
Microsoft Visual Studio Solution File, Format Version 12.00
# Visual Studio Version 17
VisualStudioVersion = 17.2.32630.192
MinimumVisualStudioVersion = 10.0.40219.1
Project("{FAE04EC0-301F-11D3-BF4B-00C04F79EFBC}") = "student", "student\student.csproj", "{303BA6D6-36E6-4AF7-BF17-7C6BE0EEAF9E}"
EndProject
Global
	GlobalSection(SolutionConfigurationPlatforms) = preSolution
		Debug|Any CPU = Debug|Any CPU
		Release|Any CPU = Release|Any CPU
	EndGlobalSection
	GlobalSection(ProjectConfigurationPlatforms) = postSolution
		{303BA6D6-36E6-4AF7-BF17-7C6BE0EEAF9E}.Debug|Any CPU.ActiveCfg = Debug|Any CPU
		{303BA6D6-36E6-4AF7-BF17-7C6BE0EEAF9E}.Debug|Any CPU.Build.0 = Debug|Any CPU
		{303BA6D6-36E6-4AF7-BF17-7C6BE0EEAF9E}.Release|Any CPU.ActiveCfg = Release|Any CPU
		{303BA6D6-36E6-4AF7-BF17-7C6BE0EEAF9E}.Release|Any CPU.Build.0 = Release|Any CPU
	EndGlobalSection
	GlobalSection(SolutionProperties) = preSolution
		HideSolutionNode = FALSE
	EndGlobalSection
	GlobalSection(ExtensibilityGlobals) = postSolution
		SolutionGuid = {8461EA4C-E544-4AFB-B3F0-2D6BF2D892FE}
	EndGlobalSection
EndGlobal
